
Microsoft Visual Studio Solution File, Format Version 12.00
# Visual Studio Version 16
VisualStudioVersion = 16.0.31005.135
MinimumVisualStudioVersion = 10.0.40219.1
Project("{9A19103F-16F7-4668-BE54-9A1E7A4F7556}") = "OdeToFood", "OdeToFood\OdeToFood.csproj", "{6B4B0C64-1641-47F3-81F0-98ED86EB300C}"
EndProject
Project("{FAE04EC0-301F-11D3-BF4B-00C04F79EFBC}") = "OdeToFood.Core", "OdeToFood.Core\OdeToFood.Core.csproj", "{45EF0F43-ECE9-4916-8F0F-FE177F4BFC6C}"
EndProject
Global
	GlobalSection(SolutionConfigurationPlatforms) = preSolution
		Debug|Any CPU = Debug|Any CPU
		Release|Any CPU = Release|Any CPU
	EndGlobalSection
	GlobalSection(ProjectConfigurationPlatforms) = postSolution
		{6B4B0C64-1641-47F3-81F0-98ED86EB300C}.Debug|Any CPU.ActiveCfg = Debug|Any CPU
		{6B4B0C64-1641-47F3-81F0-98ED86EB300C}.Debug|Any CPU.Build.0 = Debug|Any CPU
		{6B4B0C64-1641-47F3-81F0-98ED86EB300C}.Release|Any CPU.ActiveCfg = Release|Any CPU
		{6B4B0C64-1641-47F3-81F0-98ED86EB300C}.Release|Any CPU.Build.0 = Release|Any CPU
		{45EF0F43-ECE9-4916-8F0F-FE177F4BFC6C}.Debug|Any CPU.ActiveCfg = Debug|Any CPU
		{45EF0F43-ECE9-4916-8F0F-FE177F4BFC6C}.Debug|Any CPU.Build.0 = Debug|Any CPU
		{45EF0F43-ECE9-4916-8F0F-FE177F4BFC6C}.Release|Any CPU.ActiveCfg = Release|Any CPU
		{45EF0F43-ECE9-4916-8F0F-FE177F4BFC6C}.Release|Any CPU.Build.0 = Release|Any CPU
	EndGlobalSection
	GlobalSection(SolutionProperties) = preSolution
		HideSolutionNode = FALSE
	EndGlobalSection
	GlobalSection(ExtensibilityGlobals) = postSolution
		SolutionGuid = {7EE34665-75CB-4BBD-A008-BBE9728DB730}
	EndGlobalSection
EndGlobal
